
Microsoft Visual Studio Solution File, Format Version 12.00
# Visual Studio Version 16
VisualStudioVersion = 16.0.29001.49
MinimumVisualStudioVersion = 10.0.40219.1
Project("{9A19103F-16F7-4668-BE54-9A1E7A4F7556}") = "FtpProxy", "FtpProxy\FtpProxy.csproj", "{9779D66D-F5AF-476D-AAF4-E69FB822DA8A}"
EndProject
Global
	GlobalSection(SolutionConfigurationPlatforms) = preSolution
		Debug|Any CPU = Debug|Any CPU
		Release|Any CPU = Release|Any CPU
	EndGlobalSection
	GlobalSection(ProjectConfigurationPlatforms) = postSolution
		{9779D66D-F5AF-476D-AAF4-E69FB822DA8A}.Debug|Any CPU.ActiveCfg = Debug|Any CPU
		{9779D66D-F5AF-476D-AAF4-E69FB822DA8A}.Debug|Any CPU.Build.0 = Debug|Any CPU
		{9779D66D-F5AF-476D-AAF4-E69FB822DA8A}.Release|Any CPU.ActiveCfg = Release|Any CPU
		{9779D66D-F5AF-476D-AAF4-E69FB822DA8A}.Release|Any CPU.Build.0 = Release|Any CPU
	EndGlobalSection
	GlobalSection(SolutionProperties) = preSolution
		HideSolutionNode = FALSE
	EndGlobalSection
	GlobalSection(ExtensibilityGlobals) = postSolution
		SolutionGuid = {E621FDCB-2D75-4C91-8F10-3AF19F64C8D9}
	EndGlobalSection
EndGlobal
